// !$*UTF8*$!
{
	archiveVersion = 1;
	classes = {
	};
	objectVersion = 46;
	objects = {

/* Begin PBXBuildFile section */
		45DEF3761BF2B24C00E03800 /* AppDelegate.swift in Sources */ = {isa = PBXBuildFile; fileRef = 45DEF3751BF2B24C00E03800 /* AppDelegate.swift */; };
		45DEF3781BF2B24C00E03800 /* Assets.xcassets in Resources */ = {isa = PBXBuildFile; fileRef = 45DEF3771BF2B24C00E03800 /* Assets.xcassets */; };
		45DEF37B1BF2B24C00E03800 /* MainMenu.xib in Resources */ = {isa = PBXBuildFile; fileRef = 45DEF3791BF2B24C00E03800 /* MainMenu.xib */; };
		45DEF3861BF2B24C00E03800 /* SpeakLineTests.swift in Sources */ = {isa = PBXBuildFile; fileRef = 45DEF3851BF2B24C00E03800 /* SpeakLineTests.swift */; };
		45DEF3911BF2B24C00E03800 /* SpeakLineUITests.swift in Sources */ = {isa = PBXBuildFile; fileRef = 45DEF3901BF2B24C00E03800 /* SpeakLineUITests.swift */; };
/* End PBXBuildFile section */

/* Begin PBXContainerItemProxy section */
		45DEF3821BF2B24C00E03800 /* PBXContainerItemProxy */ = {
			isa = PBXContainerItemProxy;
			containerPortal = 45DEF36A1BF2B24C00E03800 /* Project object */;
			proxyType = 1;
			remoteGlobalIDString = 45DEF3711BF2B24C00E03800;
			remoteInfo = SpeakLine;
		};
		45DEF38D1BF2B24C00E03800 /* PBXContainerItemProxy */ = {
			isa = PBXContainerItemProxy;
			containerPortal = 45DEF36A1BF2B24C00E03800 /* Project object */;
			proxyType = 1;
			remoteGlobalIDString = 45DEF3711BF2B24C00E03800;
			remoteInfo = SpeakLine;
		};
/* End PBXContainerItemProxy section */

/* Begin PBXFileReference section */
		45DEF3721BF2B24C00E03800 /* SpeakLine.app */ = {isa = PBXFileReference; explicitFileType = wrapper.application; includeInIndex = 0; path = SpeakLine.app; sourceTree = BUILT_PRODUCTS_DIR; };
		45DEF3751BF2B24C00E03800 /* AppDelegate.swift */ = {isa = PBXFileReference; lastKnownFileType = sourcecode.swift; path = AppDelegate.swift; sourceTree = "<group>"; };
		45DEF3771BF2B24C00E03800 /* Assets.xcassets */ = {isa = PBXFileReference; lastKnownFileType = folder.assetcatalog; path = Assets.xcassets; sourceTree = "<group>"; };
		45DEF37A1BF2B24C00E03800 /* Base */ = {isa = PBXFileReference; lastKnownFileType = file.xib; name = Base; path = Base.lproj/MainMenu.xib; sourceTree = "<group>"; };
		45DEF37C1BF2B24C00E03800 /* Info.plist */ = {isa = PBXFileReference; lastKnownFileType = text.plist.xml; path = Info.plist; sourceTree = "<group>"; };
		45DEF3811BF2B24C00E03800 /* SpeakLineTests.xctest */ = {isa = PBXFileReference; explicitFileType = wrapper.cfbundle; includeInIndex = 0; path = SpeakLineTests.xctest; sourceTree = BUILT_PRODUCTS_DIR; };
		45DEF3851BF2B24C00E03800 /* SpeakLineTests.swift */ = {isa = PBXFileReference; lastKnownFileType = sourcecode.swift; path = SpeakLineTests.swift; sourceTree = "<group>"; };
		45DEF3871BF2B24C00E03800 /* Info.plist */ = {isa = PBXFileReference; lastKnownFileType = text.plist.xml; path = Info.plist; sourceTree = "<group>"; };
		45DEF38C1BF2B24C00E03800 /* SpeakLineUITests.xctest */ = {isa = PBXFileReference; explicitFileType = wrapper.cfbundle; includeInIndex = 0; path = SpeakLineUITests.xctest; sourceTree = BUILT_PRODUCTS_DIR; };
		45DEF3901BF2B24C00E03800 /* SpeakLineUITests.swift */ = {isa = PBXFileReference; lastKnownFileType = sourcecode.swift; path = SpeakLineUITests.swift; sourceTree = "<group>"; };
		45DEF3921BF2B24C00E03800 /* Info.plist */ = {isa = PBXFileReference; lastKnownFileType = text.plist.xml; path = Info.plist; sourceTree = "<group>"; };
/* End PBXFileReference section */

/* Begin PBXFrameworksBuildPhase section */
		45DEF36F1BF2B24C00E03800 /* Frameworks */ = {
			isa = PBXFrameworksBuildPhase;
			buildActionMask = 2147483647;
			files = (
			);
			runOnlyForDeploymentPostprocessing = 0;
		};
		45DEF37E1BF2B24C00E03800 /* Frameworks */ = {
			isa = PBXFrameworksBuildPhase;
			buildActionMask = 2147483647;
			files = (
			);
			runOnlyForDeploymentPostprocessing = 0;
		};
		45DEF3891BF2B24C00E03800 /* Frameworks */ = {
			isa = PBXFrameworksBuildPhase;
			buildActionMask = 2147483647;
			files = (
			);
			runOnlyForDeploymentPostprocessing = 0;
		};
/* End PBXFrameworksBuildPhase section */

/* Begin PBXGroup section */
		45DEF3691BF2B24C00E03800 = {
			isa = PBXGroup;
			children = (
				45DEF3741BF2B24C00E03800 /* SpeakLine */,
				45DEF3841BF2B24C00E03800 /* SpeakLineTests */,
				45DEF38F1BF2B24C00E03800 /* SpeakLineUITests */,
				45DEF3731BF2B24C00E03800 /* Products */,
			);
			sourceTree = "<group>";
		};
		45DEF3731BF2B24C00E03800 /* Products */ = {
			isa = PBXGroup;
			children = (
				45DEF3721BF2B24C00E03800 /* SpeakLine.app */,
				45DEF3811BF2B24C00E03800 /* SpeakLineTests.xctest */,
				45DEF38C1BF2B24C00E03800 /* SpeakLineUITests.xctest */,
			);
			name = Products;
			sourceTree = "<group>";
		};
		45DEF3741BF2B24C00E03800 /* SpeakLine */ = {
			isa = PBXGroup;
			children = (
				45DEF3751BF2B24C00E03800 /* AppDelegate.swift */,
				45DEF3771BF2B24C00E03800 /* Assets.xcassets */,
				45DEF3791BF2B24C00E03800 /* MainMenu.xib */,
				45DEF37C1BF2B24C00E03800 /* Info.plist */,
			);
			path = SpeakLine;
			sourceTree = "<group>";
		};
		45DEF3841BF2B24C00E03800 /* SpeakLineTests */ = {
			isa = PBXGroup;
			children = (
				45DEF3851BF2B24C00E03800 /* SpeakLineTests.swift */,
				45DEF3871BF2B24C00E03800 /* Info.plist */,
			);
			path = SpeakLineTests;
			sourceTree = "<group>";
		};
		45DEF38F1BF2B24C00E03800 /* SpeakLineUITests */ = {
			isa = PBXGroup;
			children = (
				45DEF3901BF2B24C00E03800 /* SpeakLineUITests.swift */,
				45DEF3921BF2B24C00E03800 /* Info.plist */,
			);
			path = SpeakLineUITests;
			sourceTree = "<group>";
		};
/* End PBXGroup section */

/* Begin PBXNativeTarget section */
		45DEF3711BF2B24C00E03800 /* SpeakLine */ = {
			isa = PBXNativeTarget;
			buildConfigurationList = 45DEF3951BF2B24C00E03800 /* Build configuration list for PBXNativeTarget "SpeakLine" */;
			buildPhases = (
				45DEF36E1BF2B24C00E03800 /* Sources */,
				45DEF36F1BF2B24C00E03800 /* Frameworks */,
				45DEF3701BF2B24C00E03800 /* Resources */,
			);
			buildRules = (
			);
			dependencies = (
			);
			name = SpeakLine;
			productName = SpeakLine;
			productReference = 45DEF3721BF2B24C00E03800 /* SpeakLine.app */;
			productType = "com.apple.product-type.application";
		};
		45DEF3801BF2B24C00E03800 /* SpeakLineTests */ = {
			isa = PBXNativeTarget;
			buildConfigurationList = 45DEF3981BF2B24C00E03800 /* Build configuration list for PBXNativeTarget "SpeakLineTests" */;
			buildPhases = (
				45DEF37D1BF2B24C00E03800 /* Sources */,
				45DEF37E1BF2B24C00E03800 /* Frameworks */,
				45DEF37F1BF2B24C00E03800 /* Resources */,
			);
			buildRules = (
			);
			dependencies = (
				45DEF3831BF2B24C00E03800 /* PBXTargetDependency */,
			);
			name = SpeakLineTests;
			productName = SpeakLineTests;
			productReference = 45DEF3811BF2B24C00E03800 /* SpeakLineTests.xctest */;
			productType = "com.apple.product-type.bundle.unit-test";
		};
		45DEF38B1BF2B24C00E03800 /* SpeakLineUITests */ = {
			isa = PBXNativeTarget;
			buildConfigurationList = 45DEF39B1BF2B24C00E03800 /* Build configuration list for PBXNativeTarget "SpeakLineUITests" */;
			buildPhases = (
				45DEF3881BF2B24C00E03800 /* Sources */,
				45DEF3891BF2B24C00E03800 /* Frameworks */,
				45DEF38A1BF2B24C00E03800 /* Resources */,
			);
			buildRules = (
			);
			dependencies = (
				45DEF38E1BF2B24C00E03800 /* PBXTargetDependency */,
			);
			name = SpeakLineUITests;
			productName = SpeakLineUITests;
			productReference = 45DEF38C1BF2B24C00E03800 /* SpeakLineUITests.xctest */;
			productType = "com.apple.product-type.bundle.ui-testing";
		};
/* End PBXNativeTarget section */

/* Begin PBXProject section */
		45DEF36A1BF2B24C00E03800 /* Project object */ = {
			isa = PBXProject;
			attributes = {
				LastSwiftUpdateCheck = 0710;
				LastUpgradeCheck = 0710;
				ORGANIZATIONNAME = "21ninjas, SL";
				TargetAttributes = {
					45DEF3711BF2B24C00E03800 = {
						CreatedOnToolsVersion = 7.1;
					};
					45DEF3801BF2B24C00E03800 = {
						CreatedOnToolsVersion = 7.1;
						TestTargetID = 45DEF3711BF2B24C00E03800;
					};
					45DEF38B1BF2B24C00E03800 = {
						CreatedOnToolsVersion = 7.1;
						TestTargetID = 45DEF3711BF2B24C00E03800;
					};
				};
			};
			buildConfigurationList = 45DEF36D1BF2B24C00E03800 /* Build configuration list for PBXProject "SpeakLine" */;
			compatibilityVersion = "Xcode 3.2";
			developmentRegion = English;
			hasScannedForEncodings = 0;
			knownRegions = (
				en,
				Base,
			);
			mainGroup = 45DEF3691BF2B24C00E03800;
			productRefGroup = 45DEF3731BF2B24C00E03800 /* Products */;
			projectDirPath = "";
			projectRoot = "";
			targets = (
				45DEF3711BF2B24C00E03800 /* SpeakLine */,
				45DEF3801BF2B24C00E03800 /* SpeakLineTests */,
				45DEF38B1BF2B24C00E03800 /* SpeakLineUITests */,
			);
		};
/* End PBXProject section */

/* Begin PBXResourcesBuildPhase section */
		45DEF3701BF2B24C00E03800 /* Resources */ = {
			isa = PBXResourcesBuildPhase;
			buildActionMask = 2147483647;
			files = (
				45DEF3781BF2B24C00E03800 /* Assets.xcassets in Resources */,
				45DEF37B1BF2B24C00E03800 /* MainMenu.xib in Resources */,
			);
			runOnlyForDeploymentPostprocessing = 0;
		};
		45DEF37F1BF2B24C00E03800 /* Resources */ = {
			isa = PBXResourcesBuildPhase;
			buildActionMask = 2147483647;
			files = (
			);
			runOnlyForDeploymentPostprocessing = 0;
		};
		45DEF38A1BF2B24C00E03800 /* Resources */ = {
			isa = PBXResourcesBuildPhase;
			buildActionMask = 2147483647;
			files = (
			);
			runOnlyForDeploymentPostprocessing = 0;
		};
/* End PBXResourcesBuildPhase section */

/* Begin PBXSourcesBuildPhase section */
		45DEF36E1BF2B24C00E03800 /* Sources */ = {
			isa = PBXSourcesBuildPhase;
			buildActionMask = 2147483647;
			files = (
				45DEF3761BF2B24C00E03800 /* AppDelegate.swift in Sources */,
			);
			runOnlyForDeploymentPostprocessing = 0;
		};
		45DEF37D1BF2B24C00E03800 /* Sources */ = {
			isa = PBXSourcesBuildPhase;
			buildActionMask = 2147483647;
			files = (
				45DEF3861BF2B24C00E03800 /* SpeakLineTests.swift in Sources */,
			);
			runOnlyForDeploymentPostprocessing = 0;
		};
		45DEF3881BF2B24C00E03800 /* Sources */ = {
			isa = PBXSourcesBuildPhase;
			buildActionMask = 2147483647;
			files = (
				45DEF3911BF2B24C00E03800 /* SpeakLineUITests.swift in Sources */,
			);
			runOnlyForDeploymentPostprocessing = 0;
		};
/* End PBXSourcesBuildPhase section */

/* Begin PBXTargetDependency section */
		45DEF3831BF2B24C00E03800 /* PBXTargetDependency */ = {
			isa = PBXTargetDependency;
			target = 45DEF3711BF2B24C00E03800 /* SpeakLine */;
			targetProxy = 45DEF3821BF2B24C00E03800 /* PBXContainerItemProxy */;
		};
		45DEF38E1BF2B24C00E03800 /* PBXTargetDependency */ = {
			isa = PBXTargetDependency;
			target = 45DEF3711BF2B24C00E03800 /* SpeakLine */;
			targetProxy = 45DEF38D1BF2B24C00E03800 /* PBXContainerItemProxy */;
		};
/* End PBXTargetDependency section */

/* Begin PBXVariantGroup section */
		45DEF3791BF2B24C00E03800 /* MainMenu.xib */ = {
			isa = PBXVariantGroup;
			children = (
				45DEF37A1BF2B24C00E03800 /* Base */,
			);
			name = MainMenu.xib;
			sourceTree = "<group>";
		};
/* End PBXVariantGroup section */

/* Begin XCBuildConfiguration section */
		45DEF3931BF2B24C00E03800 /* Debug */ = {
			isa = XCBuildConfiguration;
			buildSettings = {
				ALWAYS_SEARCH_USER_PATHS = NO;
				CLANG_CXX_LANGUAGE_STANDARD = "gnu++0x";
				CLANG_CXX_LIBRARY = "libc++";
				CLANG_ENABLE_MODULES = YES;
				CLANG_ENABLE_OBJC_ARC = YES;
				CLANG_WARN_BOOL_CONVERSION = YES;
				CLANG_WARN_CONSTANT_CONVERSION = YES;
				CLANG_WARN_DIRECT_OBJC_ISA_USAGE = YES_ERROR;
				CLANG_WARN_EMPTY_BODY = YES;
				CLANG_WARN_ENUM_CONVERSION = YES;
				CLANG_WARN_INT_CONVERSION = YES;
				CLANG_WARN_OBJC_ROOT_CLASS = YES_ERROR;
				CLANG_WARN_UNREACHABLE_CODE = YES;
				CLANG_WARN__DUPLICATE_METHOD_MATCH = YES;
				CODE_SIGN_IDENTITY = "-";
				COPY_PHASE_STRIP = NO;
				DEBUG_INFORMATION_FORMAT = dwarf;
				ENABLE_STRICT_OBJC_MSGSEND = YES;
				ENABLE_TESTABILITY = YES;
				GCC_C_LANGUAGE_STANDARD = gnu99;
				GCC_DYNAMIC_NO_PIC = NO;
				GCC_NO_COMMON_BLOCKS = YES;
				GCC_OPTIMIZATION_LEVEL = 0;
				GCC_PREPROCESSOR_DEFINITIONS = (
					"DEBUG=1",
					"$(inherited)",
				);
				GCC_WARN_64_TO_32_BIT_CONVERSION = YES;
				GCC_WARN_ABOUT_RETURN_TYPE = YES_ERROR;
				GCC_WARN_UNDECLARED_SELECTOR = YES;
				GCC_WARN_UNINITIALIZED_AUTOS = YES_AGGRESSIVE;
				GCC_WARN_UNUSED_FUNCTION = YES;
				GCC_WARN_UNUSED_VARIABLE = YES;
				MACOSX_DEPLOYMENT_TARGET = 10.11;
				MTL_ENABLE_DEBUG_INFO = YES;
				ONLY_ACTIVE_ARCH = YES;
				SDKROOT = macosx;
				SWIFT_OPTIMIZATION_LEVEL = "-Onone";
			};
			name = Debug;
		};
		45DEF3941BF2B24C00E03800 /* Release */ = {
			isa = XCBuildConfiguration;
			buildSettings = {
				ALWAYS_SEARCH_USER_PATHS = NO;
				CLANG_CXX_LANGUAGE_STANDARD = "gnu++0x";
				CLANG_CXX_LIBRARY = "libc++";
				CLANG_ENABLE_MODULES = YES;
				CLANG_ENABLE_OBJC_ARC = YES;
				CLANG_WARN_BOOL_CONVERSION = YES;
				CLANG_WARN_CONSTANT_CONVERSION = YES;
				CLANG_WARN_DIRECT_OBJC_ISA_USAGE = YES_ERROR;
				CLANG_WARN_EMPTY_BODY = YES;
				CLANG_WARN_ENUM_CONVERSION = YES;
				CLANG_WARN_INT_CONVERSION = YES;
				CLANG_WARN_OBJC_ROOT_CLASS = YES_ERROR;
				CLANG_WARN_UNREACHABLE_CODE = YES;
				CLANG_WARN__DUPLICATE_METHOD_MATCH = YES;
				CODE_SIGN_IDENTITY = "-";
				COPY_PHASE_STRIP = NO;
				DEBUG_INFORMATION_FORMAT = "dwarf-with-dsym";
				ENABLE_NS_ASSERTIONS = NO;
				ENABLE_STRICT_OBJC_MSGSEND = YES;
				GCC_C_LANGUAGE_STANDARD = gnu99;
				GCC_NO_COMMON_BLOCKS = YES;
				GCC_WARN_64_TO_32_BIT_CONVERSION = YES;
				GCC_WARN_ABOUT_RETURN_TYPE = YES_ERROR;
				GCC_WARN_UNDECLARED_SELECTOR = YES;
				GCC_WARN_UNINITIALIZED_AUTOS = YES_AGGRESSIVE;
				GCC_WARN_UNUSED_FUNCTION = YES;
				GCC_WARN_UNUSED_VARIABLE = YES;
				MACOSX_DEPLOYMENT_TARGET = 10.11;
				MTL_ENABLE_DEBUG_INFO = NO;
				SDKROOT = macosx;
			};
			name = Release;
		};
		45DEF3961BF2B24C00E03800 /* Debug */ = {
			isa = XCBuildConfiguration;
			buildSettings = {
				ASSETCATALOG_COMPILER_APPICON_NAME = AppIcon;
				COMBINE_HIDPI_IMAGES = YES;
				INFOPLIST_FILE = SpeakLine/Info.plist;
				LD_RUNPATH_SEARCH_PATHS = "$(inherited) @executable_path/../Frameworks";
				PRODUCT_BUNDLE_IDENTIFIER = com.21ninjas.SpeakLine;
				PRODUCT_NAME = "$(TARGET_NAME)";
			};
			name = Debug;
		};
		45DEF3971BF2B24C00E03800 /* Release */ = {
			isa = XCBuildConfiguration;
			buildSettings = {
				ASSETCATALOG_COMPILER_APPICON_NAME = AppIcon;
				COMBINE_HIDPI_IMAGES = YES;
				INFOPLIST_FILE = SpeakLine/Info.plist;
				LD_RUNPATH_SEARCH_PATHS = "$(inherited) @executable_path/../Frameworks";
				PRODUCT_BUNDLE_IDENTIFIER = com.21ninjas.SpeakLine;
				PRODUCT_NAME = "$(TARGET_NAME)";
			};
			name = Release;
		};
		45DEF3991BF2B24C00E03800 /* Debug */ = {
			isa = XCBuildConfiguration;
			buildSettings = {
				BUNDLE_LOADER = "$(TEST_HOST)";
				COMBINE_HIDPI_IMAGES = YES;
				INFOPLIST_FILE = SpeakLineTests/Info.plist;
				LD_RUNPATH_SEARCH_PATHS = "$(inherited) @executable_path/../Frameworks @loader_path/../Frameworks";
				PRODUCT_BUNDLE_IDENTIFIER = com.21ninjas.SpeakLineTests;
				PRODUCT_NAME = "$(TARGET_NAME)";
				TEST_HOST = "$(BUILT_PRODUCTS_DIR)/SpeakLine.app/Contents/MacOS/SpeakLine";
			};
			name = Debug;
		};
		45DEF39A1BF2B24C00E03800 /* Release */ = {
			isa = XCBuildConfiguration;
			buildSettings = {
				BUNDLE_LOADER = "$(TEST_HOST)";
				COMBINE_HIDPI_IMAGES = YES;
				INFOPLIST_FILE = SpeakLineTests/Info.plist;
				LD_RUNPATH_SEARCH_PATHS = "$(inherited) @executable_path/../Frameworks @loader_path/../Frameworks";
				PRODUCT_BUNDLE_IDENTIFIER = com.21ninjas.SpeakLineTests;
				PRODUCT_NAME = "$(TARGET_NAME)";
				TEST_HOST = "$(BUILT_PRODUCTS_DIR)/SpeakLine.app/Contents/MacOS/SpeakLine";
			};
			name = Release;
		};
		45DEF39C1BF2B24C00E03800 /* Debug */ = {
			isa = XCBuildConfiguration;
			buildSettings = {
				COMBINE_HIDPI_IMAGES = YES;
				INFOPLIST_FILE = SpeakLineUITests/Info.plist;
				LD_RUNPATH_SEARCH_PATHS = "$(inherited) @executable_path/../Frameworks @loader_path/../Frameworks";
				PRODUCT_BUNDLE_IDENTIFIER = com.21ninjas.SpeakLineUITests;
				PRODUCT_NAME = "$(TARGET_NAME)";
				TEST_TARGET_NAME = SpeakLine;
				USES_XCTRUNNER = YES;
			};
			name = Debug;
		};
		45DEF39D1BF2B24C00E03800 /* Release */ = {
			isa = XCBuildConfiguration;
			buildSettings = {
				COMBINE_HIDPI_IMAGES = YES;
				INFOPLIST_FILE = SpeakLineUITests/Info.plist;
				LD_RUNPATH_SEARCH_PATHS = "$(inherited) @executable_path/../Frameworks @loader_path/../Frameworks";
				PRODUCT_BUNDLE_IDENTIFIER = com.21ninjas.SpeakLineUITests;
				PRODUCT_NAME = "$(TARGET_NAME)";
				TEST_TARGET_NAME = SpeakLine;
				USES_XCTRUNNER = YES;
			};
			name = Release;
		};
/* End XCBuildConfiguration section */

/* Begin XCConfigurationList section */
		45DEF36D1BF2B24C00E03800 /* Build configuration list for PBXProject "SpeakLine" */ = {
			isa = XCConfigurationList;
			buildConfigurations = (
				45DEF3931BF2B24C00E03800 /* Debug */,
				45DEF3941BF2B24C00E03800 /* Release */,
			);
			defaultConfigurationIsVisible = 0;
			defaultConfigurationName = Release;
		};
		45DEF3951BF2B24C00E03800 /* Build configuration list for PBXNativeTarget "SpeakLine" */ = {
			isa = XCConfigurationList;
			buildConfigurations = (
				45DEF3961BF2B24C00E03800 /* Debug */,
				45DEF3971BF2B24C00E03800 /* Release */,
			);
			defaultConfigurationIsVisible = 0;
		};
		45DEF3981BF2B24C00E03800 /* Build configuration list for PBXNativeTarget "SpeakLineTests" */ = {
			isa = XCConfigurationList;
			buildConfigurations = (
				45DEF3991BF2B24C00E03800 /* Debug */,
				45DEF39A1BF2B24C00E03800 /* Release */,
			);
			defaultConfigurationIsVisible = 0;
		};
		45DEF39B1BF2B24C00E03800 /* Build configuration list for PBXNativeTarget "SpeakLineUITests" */ = {
			isa = XCConfigurationList;
			buildConfigurations = (
				45DEF39C1BF2B24C00E03800 /* Debug */,
				45DEF39D1BF2B24C00E03800 /* Release */,
			);
			defaultConfigurationIsVisible = 0;
		};
/* End XCConfigurationList section */
	};
	rootObject = 45DEF36A1BF2B24C00E03800 /* Project object */;
}
